
Microsoft Visual Studio Solution File, Format Version 12.00
# Visual Studio Version 17
VisualStudioVersion = 17.2.32616.157
MinimumVisualStudioVersion = 10.0.40219.1
Project("{FAE04EC0-301F-11D3-BF4B-00C04F79EFBC}") = "Language List", "II Development Tools\Language List\Language List.csproj", "{99D7E328-DF5C-46BA-8E5C-E66C67950F39}"
EndProject
Project("{FAE04EC0-301F-11D3-BF4B-00C04F79EFBC}") = "Dictionary Builder", "II Development Tools\Dictionary Builder\Dictionary Builder.csproj", "{4BC4472F-4C65-4BF1-B945-F9444D181C25}"
EndProject
Project("{9A19103F-16F7-4668-BE54-9A1E7A4F7556}") = "Publishing Utility", "II Development Tools\Publishing Utility\Publishing Utility.csproj", "{C565FE33-365E-4AA9-8C96-9A945F5DEE50}"
EndProject
Project("{FAE04EC0-301F-11D3-BF4B-00C04F79EFBC}") = "Waveform Editor", "II Development Tools\Waveform Editor\Waveform Editor.csproj", "{07350CC5-2AD2-4875-AA25-00CA6B5C4458}"
EndProject
Project("{FAE04EC0-301F-11D3-BF4B-00C04F79EFBC}") = "Waveform Dictionary Builder", "II Development Tools\Waveform Dictionary Builder\Waveform Dictionary Builder.csproj", "{C5096C42-4395-439C-BF3D-D56AF36A55DA}"
EndProject
Project("{FAE04EC0-301F-11D3-BF4B-00C04F79EFBC}") = "Waveform Generator", "II Development Tools\Waveform Generator\Waveform Generator.csproj", "{D0BCAC39-6FEE-4697-8B1D-A3C4E0A816B9}"
EndProject
Project("{2150E333-8FDC-42A3-9474-1A3956D46DE8}") = "Solution Items", "Solution Items", "{1F68AC98-A7E1-456C-BF37-957E75E70F71}"
	ProjectSection(SolutionItems) = preProject
		II Development Tools\.iiwf Specifications.txt = II Development Tools\.iiwf Specifications.txt
		Versioning.txt = Versioning.txt
	EndProjectSection
EndProject
Global
	GlobalSection(SolutionConfigurationPlatforms) = preSolution
		Debug|Any CPU = Debug|Any CPU
		Release|Any CPU = Release|Any CPU
	EndGlobalSection
	GlobalSection(ProjectConfigurationPlatforms) = postSolution
		{99D7E328-DF5C-46BA-8E5C-E66C67950F39}.Debug|Any CPU.ActiveCfg = Debug|Any CPU
		{99D7E328-DF5C-46BA-8E5C-E66C67950F39}.Debug|Any CPU.Build.0 = Debug|Any CPU
		{99D7E328-DF5C-46BA-8E5C-E66C67950F39}.Release|Any CPU.ActiveCfg = Release|Any CPU
		{99D7E328-DF5C-46BA-8E5C-E66C67950F39}.Release|Any CPU.Build.0 = Release|Any CPU
		{4BC4472F-4C65-4BF1-B945-F9444D181C25}.Debug|Any CPU.ActiveCfg = Debug|Any CPU
		{4BC4472F-4C65-4BF1-B945-F9444D181C25}.Debug|Any CPU.Build.0 = Debug|Any CPU
		{4BC4472F-4C65-4BF1-B945-F9444D181C25}.Release|Any CPU.ActiveCfg = Release|Any CPU
		{4BC4472F-4C65-4BF1-B945-F9444D181C25}.Release|Any CPU.Build.0 = Release|Any CPU
		{C565FE33-365E-4AA9-8C96-9A945F5DEE50}.Debug|Any CPU.ActiveCfg = Debug|Any CPU
		{C565FE33-365E-4AA9-8C96-9A945F5DEE50}.Debug|Any CPU.Build.0 = Debug|Any CPU
		{C565FE33-365E-4AA9-8C96-9A945F5DEE50}.Release|Any CPU.ActiveCfg = Release|Any CPU
		{C565FE33-365E-4AA9-8C96-9A945F5DEE50}.Release|Any CPU.Build.0 = Release|Any CPU
		{07350CC5-2AD2-4875-AA25-00CA6B5C4458}.Debug|Any CPU.ActiveCfg = Debug|Any CPU
		{07350CC5-2AD2-4875-AA25-00CA6B5C4458}.Debug|Any CPU.Build.0 = Debug|Any CPU
		{07350CC5-2AD2-4875-AA25-00CA6B5C4458}.Release|Any CPU.ActiveCfg = Release|Any CPU
		{07350CC5-2AD2-4875-AA25-00CA6B5C4458}.Release|Any CPU.Build.0 = Release|Any CPU
		{C5096C42-4395-439C-BF3D-D56AF36A55DA}.Debug|Any CPU.ActiveCfg = Debug|Any CPU
		{C5096C42-4395-439C-BF3D-D56AF36A55DA}.Debug|Any CPU.Build.0 = Debug|Any CPU
		{C5096C42-4395-439C-BF3D-D56AF36A55DA}.Release|Any CPU.ActiveCfg = Release|Any CPU
		{C5096C42-4395-439C-BF3D-D56AF36A55DA}.Release|Any CPU.Build.0 = Release|Any CPU
		{D0BCAC39-6FEE-4697-8B1D-A3C4E0A816B9}.Debug|Any CPU.ActiveCfg = Debug|Any CPU
		{D0BCAC39-6FEE-4697-8B1D-A3C4E0A816B9}.Debug|Any CPU.Build.0 = Debug|Any CPU
		{D0BCAC39-6FEE-4697-8B1D-A3C4E0A816B9}.Release|Any CPU.ActiveCfg = Release|Any CPU
		{D0BCAC39-6FEE-4697-8B1D-A3C4E0A816B9}.Release|Any CPU.Build.0 = Release|Any CPU
	EndGlobalSection
	GlobalSection(SolutionProperties) = preSolution
		HideSolutionNode = FALSE
	EndGlobalSection
	GlobalSection(ExtensibilityGlobals) = postSolution
		SolutionGuid = {23148256-F73E-4EE1-8F86-2906A50E2D30}
	EndGlobalSection
EndGlobal
