Microsoft Visual Studio Solution File, Format Version 12.00
# Visual Studio Version 17
VisualStudioVersion = 17.2.32519.379
MinimumVisualStudioVersion = 10.0.40219.1
Project("{2150E333-8FDC-42A3-9474-1A3956D46DE8}") = "Solution Items", "Solution Items", "{A98AA70B-3743-474D-9DBE-FA2FC55344C8}"
	ProjectSection(SolutionItems) = preProject
		License.rtf = License.rtf
		Notes.md = Notes.md
		Readme.md = Readme.md
	EndProjectSection
EndProject
Project("{D954291E-2A0B-460D-934E-DC6B0785DB48}") = "II Library", "II Library, C#\II Library.shproj", "{D6A13684-612C-49D6-B8B3-B9720D585A71}"
EndProject
Project("{FAE04EC0-301F-11D3-BF4B-00C04F79EFBC}") = "II Scenario Editor", "II Scenario Editor\II Scenario Editor.csproj", "{B6283869-49A5-F783-1B10-F4882619B8B7}"
EndProject
Project("{FAE04EC0-301F-11D3-BF4B-00C04F79EFBC}") = "II Simulator, Windows", "II Simulator, Windows\II Simulator, Windows.csproj", "{3F5874D3-642A-46AC-EA03-7373DD43FE73}"
EndProject
Project("{FAE04EC0-301F-11D3-BF4B-00C04F79EFBC}") = "Unit Tests", "Unit Tests\Unit Tests.csproj", "{CBAAFF94-19D9-CA27-EB09-AC83990DFBC8}"
EndProject
Global
	GlobalSection(SolutionConfigurationPlatforms) = preSolution
		Debug|Any CPU = Debug|Any CPU
		Debug|x86 = Debug|x86
		DefaultBuild|Any CPU = DefaultBuild|Any CPU
		DefaultBuild|x86 = DefaultBuild|x86
		Release|Any CPU = Release|Any CPU
		Release|x86 = Release|x86
	EndGlobalSection
	GlobalSection(ProjectConfigurationPlatforms) = postSolution
		{B6283869-49A5-F783-1B10-F4882619B8B7}.Debug|Any CPU.ActiveCfg = Debug|Any CPU
		{B6283869-49A5-F783-1B10-F4882619B8B7}.Debug|Any CPU.Build.0 = Debug|Any CPU
		{B6283869-49A5-F783-1B10-F4882619B8B7}.Debug|x86.ActiveCfg = Debug|Any CPU
		{B6283869-49A5-F783-1B10-F4882619B8B7}.Debug|x86.Build.0 = Debug|Any CPU
		{B6283869-49A5-F783-1B10-F4882619B8B7}.DefaultBuild|Any CPU.ActiveCfg = Release|Any CPU
		{B6283869-49A5-F783-1B10-F4882619B8B7}.DefaultBuild|Any CPU.Build.0 = Release|Any CPU
		{B6283869-49A5-F783-1B10-F4882619B8B7}.DefaultBuild|x86.ActiveCfg = Release|Any CPU
		{B6283869-49A5-F783-1B10-F4882619B8B7}.DefaultBuild|x86.Build.0 = Release|Any CPU
		{B6283869-49A5-F783-1B10-F4882619B8B7}.Release|Any CPU.ActiveCfg = Release|Any CPU
		{B6283869-49A5-F783-1B10-F4882619B8B7}.Release|Any CPU.Build.0 = Release|Any CPU
		{B6283869-49A5-F783-1B10-F4882619B8B7}.Release|x86.ActiveCfg = Release|Any CPU
		{B6283869-49A5-F783-1B10-F4882619B8B7}.Release|x86.Build.0 = Release|Any CPU
		{3F5874D3-642A-46AC-EA03-7373DD43FE73}.Debug|Any CPU.ActiveCfg = Debug|Any CPU
		{3F5874D3-642A-46AC-EA03-7373DD43FE73}.Debug|Any CPU.Build.0 = Debug|Any CPU
		{3F5874D3-642A-46AC-EA03-7373DD43FE73}.Debug|x86.ActiveCfg = Debug|Any CPU
		{3F5874D3-642A-46AC-EA03-7373DD43FE73}.Debug|x86.Build.0 = Debug|Any CPU
		{3F5874D3-642A-46AC-EA03-7373DD43FE73}.DefaultBuild|Any CPU.ActiveCfg = Release|Any CPU
		{3F5874D3-642A-46AC-EA03-7373DD43FE73}.DefaultBuild|Any CPU.Build.0 = Release|Any CPU
		{3F5874D3-642A-46AC-EA03-7373DD43FE73}.DefaultBuild|x86.ActiveCfg = Release|Any CPU
		{3F5874D3-642A-46AC-EA03-7373DD43FE73}.DefaultBuild|x86.Build.0 = Release|Any CPU
		{3F5874D3-642A-46AC-EA03-7373DD43FE73}.Release|Any CPU.ActiveCfg = Release|Any CPU
		{3F5874D3-642A-46AC-EA03-7373DD43FE73}.Release|Any CPU.Build.0 = Release|Any CPU
		{3F5874D3-642A-46AC-EA03-7373DD43FE73}.Release|x86.ActiveCfg = Release|Any CPU
		{3F5874D3-642A-46AC-EA03-7373DD43FE73}.Release|x86.Build.0 = Release|Any CPU
		{CBAAFF94-19D9-CA27-EB09-AC83990DFBC8}.Debug|Any CPU.ActiveCfg = Debug|Any CPU
		{CBAAFF94-19D9-CA27-EB09-AC83990DFBC8}.Debug|Any CPU.Build.0 = Debug|Any CPU
		{CBAAFF94-19D9-CA27-EB09-AC83990DFBC8}.Debug|x86.ActiveCfg = Debug|Any CPU
		{CBAAFF94-19D9-CA27-EB09-AC83990DFBC8}.Debug|x86.Build.0 = Debug|Any CPU
		{CBAAFF94-19D9-CA27-EB09-AC83990DFBC8}.DefaultBuild|Any CPU.ActiveCfg = Release|Any CPU
		{CBAAFF94-19D9-CA27-EB09-AC83990DFBC8}.DefaultBuild|Any CPU.Build.0 = Release|Any CPU
		{CBAAFF94-19D9-CA27-EB09-AC83990DFBC8}.DefaultBuild|x86.ActiveCfg = Release|Any CPU
		{CBAAFF94-19D9-CA27-EB09-AC83990DFBC8}.DefaultBuild|x86.Build.0 = Release|Any CPU
		{CBAAFF94-19D9-CA27-EB09-AC83990DFBC8}.Release|Any CPU.ActiveCfg = Release|Any CPU
		{CBAAFF94-19D9-CA27-EB09-AC83990DFBC8}.Release|Any CPU.Build.0 = Release|Any CPU
		{CBAAFF94-19D9-CA27-EB09-AC83990DFBC8}.Release|x86.ActiveCfg = Release|Any CPU
		{CBAAFF94-19D9-CA27-EB09-AC83990DFBC8}.Release|x86.Build.0 = Release|Any CPU
	EndGlobalSection
	GlobalSection(SolutionProperties) = preSolution
		HideSolutionNode = FALSE
	EndGlobalSection
	GlobalSection(ExtensibilityGlobals) = postSolution
		SolutionGuid = {B900A729-1CD9-4EB0-9310-A71C206A37DB}
	EndGlobalSection
	GlobalSection(SharedMSBuildProjectFiles) = preSolution
		II Library, C#\II Library.projitems*{3f5874d3-642a-46ac-ea03-7373dd43fe73}*SharedItemsImports = 5
		II Library, C#\II Library.projitems*{b6283869-49a5-f783-1b10-f4882619b8b7}*SharedItemsImports = 5
		II Library, C#\II Library.projitems*{cbaaff94-19d9-ca27-eb09-ac83990dfbc8}*SharedItemsImports = 5
		II Library, C#\II Library.projitems*{d6a13684-612c-49d6-b8b3-b9720d585a71}*SharedItemsImports = 13
	EndGlobalSection
EndGlobal
