
Microsoft Visual Studio Solution File, Format Version 12.00
# Visual Studio Version 16
VisualStudioVersion = 16.0.28729.10
MinimumVisualStudioVersion = 10.0.40219.1
Project("{2150E333-8FDC-42A3-9474-1A3956D46DE8}") = "Solution Items", "Solution Items", "{A98AA70B-3743-474D-9DBE-FA2FC55344C8}"
	ProjectSection(SolutionItems) = preProject
		License.rtf = License.rtf
		Notes.md = Notes.md
		Readme.md = Readme.md
	EndProjectSection
EndProject
Project("{D954291E-2A0B-460D-934E-DC6B0785DB48}") = "II Core", "II Core\II Core.shproj", "{D6A13684-612C-49D6-B8B3-B9720D585A71}"
EndProject
Project("{9A19103F-16F7-4668-BE54-9A1E7A4F7556}") = "II Avalonia", "II Avalonia\II Avalonia.csproj", "{604BA4AE-4E02-4445-993C-1D3AED0EE610}"
EndProject
Project("{FAE04EC0-301F-11D3-BF4B-00C04F79EFBC}") = "IISE Windows", "IISE Windows\IISE Windows.csproj", "{23FDB2CE-6680-4280-A1D2-1693323D3578}"
EndProject
Project("{9A19103F-16F7-4668-BE54-9A1E7A4F7556}") = "Unit Testing", "Unit Testing\Unit Testing.csproj", "{62368E1B-8ED2-4118-A5FC-C894C4994989}"
EndProject
Project("{54435603-DBB4-11D2-8724-00A0C9A8B90C}") = "Package, Windows", "Package, Windows\Package, Windows.vdproj", "{69DDA1E8-B837-47A3-AB0E-8D496166F208}"
EndProject
Global
	GlobalSection(SharedMSBuildProjectFiles) = preSolution
		II Core\II_Core.projitems*{604ba4ae-4e02-4445-993c-1d3aed0ee610}*SharedItemsImports = 5
		II Core\II_Core.projitems*{d6a13684-612c-49d6-b8b3-b9720d585a71}*SharedItemsImports = 13
	EndGlobalSection
	GlobalSection(SolutionConfigurationPlatforms) = preSolution
		Debug|Any CPU = Debug|Any CPU
		DefaultBuild|Any CPU = DefaultBuild|Any CPU
		Release|Any CPU = Release|Any CPU
	EndGlobalSection
	GlobalSection(ProjectConfigurationPlatforms) = postSolution
		{604BA4AE-4E02-4445-993C-1D3AED0EE610}.Debug|Any CPU.ActiveCfg = Debug|Any CPU
		{604BA4AE-4E02-4445-993C-1D3AED0EE610}.Debug|Any CPU.Build.0 = Debug|Any CPU
		{604BA4AE-4E02-4445-993C-1D3AED0EE610}.DefaultBuild|Any CPU.ActiveCfg = Debug|Any CPU
		{604BA4AE-4E02-4445-993C-1D3AED0EE610}.DefaultBuild|Any CPU.Build.0 = Debug|Any CPU
		{604BA4AE-4E02-4445-993C-1D3AED0EE610}.Release|Any CPU.ActiveCfg = Release|Any CPU
		{604BA4AE-4E02-4445-993C-1D3AED0EE610}.Release|Any CPU.Build.0 = Release|Any CPU
		{23FDB2CE-6680-4280-A1D2-1693323D3578}.Debug|Any CPU.ActiveCfg = Debug|Any CPU
		{23FDB2CE-6680-4280-A1D2-1693323D3578}.Debug|Any CPU.Build.0 = Debug|Any CPU
		{23FDB2CE-6680-4280-A1D2-1693323D3578}.DefaultBuild|Any CPU.ActiveCfg = Debug|Any CPU
		{23FDB2CE-6680-4280-A1D2-1693323D3578}.DefaultBuild|Any CPU.Build.0 = Debug|Any CPU
		{23FDB2CE-6680-4280-A1D2-1693323D3578}.Release|Any CPU.ActiveCfg = Release|Any CPU
		{62368E1B-8ED2-4118-A5FC-C894C4994989}.Debug|Any CPU.ActiveCfg = Debug|Any CPU
		{62368E1B-8ED2-4118-A5FC-C894C4994989}.Debug|Any CPU.Build.0 = Debug|Any CPU
		{62368E1B-8ED2-4118-A5FC-C894C4994989}.DefaultBuild|Any CPU.ActiveCfg = Debug|Any CPU
		{62368E1B-8ED2-4118-A5FC-C894C4994989}.DefaultBuild|Any CPU.Build.0 = Debug|Any CPU
		{62368E1B-8ED2-4118-A5FC-C894C4994989}.Release|Any CPU.ActiveCfg = Release|Any CPU
		{69DDA1E8-B837-47A3-AB0E-8D496166F208}.Debug|Any CPU.ActiveCfg = Debug
		{69DDA1E8-B837-47A3-AB0E-8D496166F208}.DefaultBuild|Any CPU.ActiveCfg = Debug
		{69DDA1E8-B837-47A3-AB0E-8D496166F208}.Release|Any CPU.ActiveCfg = Release
		{69DDA1E8-B837-47A3-AB0E-8D496166F208}.Release|Any CPU.Build.0 = Release
	EndGlobalSection
	GlobalSection(SolutionProperties) = preSolution
		HideSolutionNode = FALSE
	EndGlobalSection
	GlobalSection(ExtensibilityGlobals) = postSolution
		SolutionGuid = {6EBF9B7F-4E01-41BD-8BF0-E88F361A3FA9}
	EndGlobalSection
	GlobalSection(MonoDevelopProperties) = preSolution
		version = 0.95
	EndGlobalSection
EndGlobal
