// !$*UTF8*$!
{
	archiveVersion = 1;
	classes = {
	};
	objectVersion = 56;
	objects = {

/* Begin PBXBuildFile section */
		08163D512E95792F0065521E /* Classes in Resources */ = {isa = PBXBuildFile; fileRef = 08163D502E95792F0065521E /* Classes */; };
		08163D532E957A1A0065521E /* Physiology.swift in Sources */ = {isa = PBXBuildFile; fileRef = 08163D522E957A1A0065521E /* Physiology.swift */; };
		082C21632E8490FD00B7E90B /* Splash.storyboard in Resources */ = {isa = PBXBuildFile; fileRef = 082C21622E8490FD00B7E90B /* Splash.storyboard */; };
		084196E32E831EA000E6959F /* App.swift in Sources */ = {isa = PBXBuildFile; fileRef = 084196E22E831EA000E6959F /* App.swift */; };
		084196E72E831EA600E6959F /* Assets.xcassets in Resources */ = {isa = PBXBuildFile; fileRef = 084196E62E831EA600E6959F /* Assets.xcassets */; };
		084196EA2E831EA600E6959F /* Preview Assets.xcassets in Resources */ = {isa = PBXBuildFile; fileRef = 084196E92E831EA600E6959F /* Preview Assets.xcassets */; };
		084196F22E8320CC00E6959F /* Resources in Resources */ = {isa = PBXBuildFile; fileRef = 084196F12E8320CC00E6959F /* Resources */; };
		088803102E8C2BC70046EA22 /* Control.swift in Sources */ = {isa = PBXBuildFile; fileRef = 0888030F2E8C2BC70046EA22 /* Control.swift */; };
/* End PBXBuildFile section */

/* Begin PBXFileReference section */
		08163D502E95792F0065521E /* Classes */ = {isa = PBXFileReference; lastKnownFileType = folder; path = Classes; sourceTree = "<group>"; };
		08163D522E957A1A0065521E /* Physiology.swift */ = {isa = PBXFileReference; lastKnownFileType = sourcecode.swift; name = Physiology.swift; path = "Infirmary Integrated/Classes/Physiology.swift"; sourceTree = "<group>"; };
		082C21622E8490FD00B7E90B /* Splash.storyboard */ = {isa = PBXFileReference; lastKnownFileType = file.storyboard; path = Splash.storyboard; sourceTree = "<group>"; };
		084196DF2E831E9F00E6959F /* Infirmary Integrated.app */ = {isa = PBXFileReference; explicitFileType = wrapper.application; includeInIndex = 0; path = "Infirmary Integrated.app"; sourceTree = BUILT_PRODUCTS_DIR; };
		084196E22E831EA000E6959F /* App.swift */ = {isa = PBXFileReference; lastKnownFileType = sourcecode.swift; path = App.swift; sourceTree = "<group>"; };
		084196E62E831EA600E6959F /* Assets.xcassets */ = {isa = PBXFileReference; lastKnownFileType = folder.assetcatalog; path = Assets.xcassets; sourceTree = "<group>"; };
		084196E92E831EA600E6959F /* Preview Assets.xcassets */ = {isa = PBXFileReference; lastKnownFileType = folder.assetcatalog; path = "Preview Assets.xcassets"; sourceTree = "<group>"; };
		084196EB2E831EA600E6959F /* Infirmary_Integrated.entitlements */ = {isa = PBXFileReference; lastKnownFileType = text.plist.entitlements; path = Infirmary_Integrated.entitlements; sourceTree = "<group>"; };
		084196F12E8320CC00E6959F /* Resources */ = {isa = PBXFileReference; lastKnownFileType = folder; path = Resources; sourceTree = "<group>"; };
		0888030F2E8C2BC70046EA22 /* Control.swift */ = {isa = PBXFileReference; lastKnownFileType = sourcecode.swift; path = Control.swift; sourceTree = "<group>"; };
/* End PBXFileReference section */

/* Begin PBXFrameworksBuildPhase section */
		084196DC2E831E9F00E6959F /* Frameworks */ = {
			isa = PBXFrameworksBuildPhase;
			buildActionMask = 2147483647;
			files = (
			);
			runOnlyForDeploymentPostprocessing = 0;
		};
/* End PBXFrameworksBuildPhase section */

/* Begin PBXGroup section */
		08163D4E2E9576C80065521E /* Packages */ = {
			isa = PBXGroup;
			children = (
			);
			name = Packages;
			sourceTree = "<group>";
		};
		084196D62E831E9F00E6959F = {
			isa = PBXGroup;
			children = (
				08163D522E957A1A0065521E /* Physiology.swift */,
				08163D4E2E9576C80065521E /* Packages */,
				084196E12E831EA000E6959F /* Infirmary Integrated */,
				084196E02E831E9F00E6959F /* Products */,
			);
			sourceTree = "<group>";
		};
		084196E02E831E9F00E6959F /* Products */ = {
			isa = PBXGroup;
			children = (
				084196DF2E831E9F00E6959F /* Infirmary Integrated.app */,
			);
			name = Products;
			sourceTree = "<group>";
		};
		084196E12E831EA000E6959F /* Infirmary Integrated */ = {
			isa = PBXGroup;
			children = (
				08163D502E95792F0065521E /* Classes */,
				084196F62E8480BF00E6959F /* Windows */,
				084196E22E831EA000E6959F /* App.swift */,
				084196E62E831EA600E6959F /* Assets.xcassets */,
				084196F12E8320CC00E6959F /* Resources */,
				084196EB2E831EA600E6959F /* Infirmary_Integrated.entitlements */,
				084196E82E831EA600E6959F /* Preview Content */,
			);
			path = "Infirmary Integrated";
			sourceTree = "<group>";
		};
		084196E82E831EA600E6959F /* Preview Content */ = {
			isa = PBXGroup;
			children = (
				084196E92E831EA600E6959F /* Preview Assets.xcassets */,
			);
			path = "Preview Content";
			sourceTree = "<group>";
		};
		084196F62E8480BF00E6959F /* Windows */ = {
			isa = PBXGroup;
			children = (
				082C21622E8490FD00B7E90B /* Splash.storyboard */,
				0888030F2E8C2BC70046EA22 /* Control.swift */,
			);
			path = Windows;
			sourceTree = "<group>";
		};
/* End PBXGroup section */

/* Begin PBXNativeTarget section */
		084196DE2E831E9F00E6959F /* Infirmary Integrated */ = {
			isa = PBXNativeTarget;
			buildConfigurationList = 084196EE2E831EA600E6959F /* Build configuration list for PBXNativeTarget "Infirmary Integrated" */;
			buildPhases = (
				084196DB2E831E9F00E6959F /* Sources */,
				084196DC2E831E9F00E6959F /* Frameworks */,
				084196DD2E831E9F00E6959F /* Resources */,
			);
			buildRules = (
			);
			dependencies = (
			);
			name = "Infirmary Integrated";
			productName = "Infirmary Integrated";
			productReference = 084196DF2E831E9F00E6959F /* Infirmary Integrated.app */;
			productType = "com.apple.product-type.application";
		};
/* End PBXNativeTarget section */

/* Begin PBXProject section */
		084196D72E831E9F00E6959F /* Project object */ = {
			isa = PBXProject;
			attributes = {
				BuildIndependentTargetsInParallel = 1;
				LastSwiftUpdateCheck = 1420;
				LastUpgradeCheck = 1420;
				TargetAttributes = {
					084196DE2E831E9F00E6959F = {
						CreatedOnToolsVersion = 14.2;
					};
				};
			};
			buildConfigurationList = 084196DA2E831E9F00E6959F /* Build configuration list for PBXProject "Infirmary Integrated" */;
			compatibilityVersion = "Xcode 14.0";
			developmentRegion = en;
			hasScannedForEncodings = 0;
			knownRegions = (
				en,
				Base,
			);
			mainGroup = 084196D62E831E9F00E6959F;
			productRefGroup = 084196E02E831E9F00E6959F /* Products */;
			projectDirPath = "";
			projectRoot = "";
			targets = (
				084196DE2E831E9F00E6959F /* Infirmary Integrated */,
			);
		};
/* End PBXProject section */

/* Begin PBXResourcesBuildPhase section */
		084196DD2E831E9F00E6959F /* Resources */ = {
			isa = PBXResourcesBuildPhase;
			buildActionMask = 2147483647;
			files = (
				084196EA2E831EA600E6959F /* Preview Assets.xcassets in Resources */,
				084196E72E831EA600E6959F /* Assets.xcassets in Resources */,
				08163D512E95792F0065521E /* Classes in Resources */,
				084196F22E8320CC00E6959F /* Resources in Resources */,
				082C21632E8490FD00B7E90B /* Splash.storyboard in Resources */,
			);
			runOnlyForDeploymentPostprocessing = 0;
		};
/* End PBXResourcesBuildPhase section */

/* Begin PBXSourcesBuildPhase section */
		084196DB2E831E9F00E6959F /* Sources */ = {
			isa = PBXSourcesBuildPhase;
			buildActionMask = 2147483647;
			files = (
				08163D532E957A1A0065521E /* Physiology.swift in Sources */,
				084196E32E831EA000E6959F /* App.swift in Sources */,
				088803102E8C2BC70046EA22 /* Control.swift in Sources */,
			);
			runOnlyForDeploymentPostprocessing = 0;
		};
/* End PBXSourcesBuildPhase section */

/* Begin XCBuildConfiguration section */
		084196EC2E831EA600E6959F /* Debug */ = {
			isa = XCBuildConfiguration;
			buildSettings = {
				ALWAYS_SEARCH_USER_PATHS = NO;
				CLANG_ANALYZER_NONNULL = YES;
				CLANG_ANALYZER_NUMBER_OBJECT_CONVERSION = YES_AGGRESSIVE;
				CLANG_CXX_LANGUAGE_STANDARD = "gnu++20";
				CLANG_ENABLE_MODULES = YES;
				CLANG_ENABLE_OBJC_ARC = YES;
				CLANG_ENABLE_OBJC_WEAK = YES;
				CLANG_WARN_BLOCK_CAPTURE_AUTORELEASING = YES;
				CLANG_WARN_BOOL_CONVERSION = YES;
				CLANG_WARN_COMMA = YES;
				CLANG_WARN_CONSTANT_CONVERSION = YES;
				CLANG_WARN_DEPRECATED_OBJC_IMPLEMENTATIONS = YES;
				CLANG_WARN_DIRECT_OBJC_ISA_USAGE = YES_ERROR;
				CLANG_WARN_DOCUMENTATION_COMMENTS = YES;
				CLANG_WARN_EMPTY_BODY = YES;
				CLANG_WARN_ENUM_CONVERSION = YES;
				CLANG_WARN_INFINITE_RECURSION = YES;
				CLANG_WARN_INT_CONVERSION = YES;
				CLANG_WARN_NON_LITERAL_NULL_CONVERSION = YES;
				CLANG_WARN_OBJC_IMPLICIT_RETAIN_SELF = YES;
				CLANG_WARN_OBJC_LITERAL_CONVERSION = YES;
				CLANG_WARN_OBJC_ROOT_CLASS = YES_ERROR;
				CLANG_WARN_QUOTED_INCLUDE_IN_FRAMEWORK_HEADER = YES;
				CLANG_WARN_RANGE_LOOP_ANALYSIS = YES;
				CLANG_WARN_STRICT_PROTOTYPES = YES;
				CLANG_WARN_SUSPICIOUS_MOVE = YES;
				CLANG_WARN_UNGUARDED_AVAILABILITY = YES_AGGRESSIVE;
				CLANG_WARN_UNREACHABLE_CODE = YES;
				CLANG_WARN__DUPLICATE_METHOD_MATCH = YES;
				COPY_PHASE_STRIP = NO;
				DEBUG_INFORMATION_FORMAT = dwarf;
				ENABLE_STRICT_OBJC_MSGSEND = YES;
				ENABLE_TESTABILITY = YES;
				GCC_C_LANGUAGE_STANDARD = gnu11;
				GCC_DYNAMIC_NO_PIC = NO;
				GCC_NO_COMMON_BLOCKS = YES;
				GCC_OPTIMIZATION_LEVEL = 0;
				GCC_PREPROCESSOR_DEFINITIONS = (
					"DEBUG=1",
					"$(inherited)",
				);
				GCC_WARN_64_TO_32_BIT_CONVERSION = YES;
				GCC_WARN_ABOUT_RETURN_TYPE = YES_ERROR;
				GCC_WARN_UNDECLARED_SELECTOR = YES;
				GCC_WARN_UNINITIALIZED_AUTOS = YES_AGGRESSIVE;
				GCC_WARN_UNUSED_FUNCTION = YES;
				GCC_WARN_UNUSED_VARIABLE = YES;
				MACOSX_DEPLOYMENT_TARGET = 12.0;
				MTL_ENABLE_DEBUG_INFO = INCLUDE_SOURCE;
				MTL_FAST_MATH = YES;
				ONLY_ACTIVE_ARCH = YES;
				SDKROOT = macosx;
				SWIFT_ACTIVE_COMPILATION_CONDITIONS = DEBUG;
				SWIFT_OPTIMIZATION_LEVEL = "-Onone";
			};
			name = Debug;
		};
		084196ED2E831EA600E6959F /* Release */ = {
			isa = XCBuildConfiguration;
			buildSettings = {
				ALWAYS_SEARCH_USER_PATHS = NO;
				CLANG_ANALYZER_NONNULL = YES;
				CLANG_ANALYZER_NUMBER_OBJECT_CONVERSION = YES_AGGRESSIVE;
				CLANG_CXX_LANGUAGE_STANDARD = "gnu++20";
				CLANG_ENABLE_MODULES = YES;
				CLANG_ENABLE_OBJC_ARC = YES;
				CLANG_ENABLE_OBJC_WEAK = YES;
				CLANG_WARN_BLOCK_CAPTURE_AUTORELEASING = YES;
				CLANG_WARN_BOOL_CONVERSION = YES;
				CLANG_WARN_COMMA = YES;
				CLANG_WARN_CONSTANT_CONVERSION = YES;
				CLANG_WARN_DEPRECATED_OBJC_IMPLEMENTATIONS = YES;
				CLANG_WARN_DIRECT_OBJC_ISA_USAGE = YES_ERROR;
				CLANG_WARN_DOCUMENTATION_COMMENTS = YES;
				CLANG_WARN_EMPTY_BODY = YES;
				CLANG_WARN_ENUM_CONVERSION = YES;
				CLANG_WARN_INFINITE_RECURSION = YES;
				CLANG_WARN_INT_CONVERSION = YES;
				CLANG_WARN_NON_LITERAL_NULL_CONVERSION = YES;
				CLANG_WARN_OBJC_IMPLICIT_RETAIN_SELF = YES;
				CLANG_WARN_OBJC_LITERAL_CONVERSION = YES;
				CLANG_WARN_OBJC_ROOT_CLASS = YES_ERROR;
				CLANG_WARN_QUOTED_INCLUDE_IN_FRAMEWORK_HEADER = YES;
				CLANG_WARN_RANGE_LOOP_ANALYSIS = YES;
				CLANG_WARN_STRICT_PROTOTYPES = YES;
				CLANG_WARN_SUSPICIOUS_MOVE = YES;
				CLANG_WARN_UNGUARDED_AVAILABILITY = YES_AGGRESSIVE;
				CLANG_WARN_UNREACHABLE_CODE = YES;
				CLANG_WARN__DUPLICATE_METHOD_MATCH = YES;
				COPY_PHASE_STRIP = NO;
				DEBUG_INFORMATION_FORMAT = "dwarf-with-dsym";
				ENABLE_NS_ASSERTIONS = NO;
				ENABLE_STRICT_OBJC_MSGSEND = YES;
				GCC_C_LANGUAGE_STANDARD = gnu11;
				GCC_NO_COMMON_BLOCKS = YES;
				GCC_WARN_64_TO_32_BIT_CONVERSION = YES;
				GCC_WARN_ABOUT_RETURN_TYPE = YES_ERROR;
				GCC_WARN_UNDECLARED_SELECTOR = YES;
				GCC_WARN_UNINITIALIZED_AUTOS = YES_AGGRESSIVE;
				GCC_WARN_UNUSED_FUNCTION = YES;
				GCC_WARN_UNUSED_VARIABLE = YES;
				MACOSX_DEPLOYMENT_TARGET = 12.0;
				MTL_ENABLE_DEBUG_INFO = NO;
				MTL_FAST_MATH = YES;
				SDKROOT = macosx;
				SWIFT_COMPILATION_MODE = wholemodule;
				SWIFT_OPTIMIZATION_LEVEL = "-O";
			};
			name = Release;
		};
		084196EF2E831EA600E6959F /* Debug */ = {
			isa = XCBuildConfiguration;
			buildSettings = {
				ASSETCATALOG_COMPILER_APPICON_NAME = AppIcon;
				ASSETCATALOG_COMPILER_GLOBAL_ACCENT_COLOR_NAME = AccentColor;
				ASSETCATALOG_COMPILER_INCLUDE_ALL_APPICON_ASSETS = YES;
				CODE_SIGN_ENTITLEMENTS = "Infirmary Integrated/Infirmary_Integrated.entitlements";
				CODE_SIGN_STYLE = Automatic;
				COMBINE_HIDPI_IMAGES = YES;
				CURRENT_PROJECT_VERSION = 1;
				DEVELOPMENT_ASSET_PATHS = "\"Infirmary Integrated/Preview Content\"";
				ENABLE_PREVIEWS = YES;
				GENERATE_INFOPLIST_FILE = YES;
				INFOPLIST_KEY_NSHumanReadableCopyright = "";
				INFOPLIST_KEY_UILaunchStoryboardName = Splash.storyboard;
				LD_RUNPATH_SEARCH_PATHS = (
					"$(inherited)",
					"@executable_path/../Frameworks",
				);
				MACOSX_DEPLOYMENT_TARGET = 12.0;
				MARKETING_VERSION = 1.0;
				PRODUCT_BUNDLE_IDENTIFIER = "com.tanjera.infirmary-integrated";
				PRODUCT_NAME = "$(TARGET_NAME)";
				SWIFT_EMIT_LOC_STRINGS = YES;
				SWIFT_VERSION = 5.0;
			};
			name = Debug;
		};
		084196F02E831EA600E6959F /* Release */ = {
			isa = XCBuildConfiguration;
			buildSettings = {
				ASSETCATALOG_COMPILER_APPICON_NAME = AppIcon;
				ASSETCATALOG_COMPILER_GLOBAL_ACCENT_COLOR_NAME = AccentColor;
				ASSETCATALOG_COMPILER_INCLUDE_ALL_APPICON_ASSETS = YES;
				CODE_SIGN_ENTITLEMENTS = "Infirmary Integrated/Infirmary_Integrated.entitlements";
				CODE_SIGN_STYLE = Automatic;
				COMBINE_HIDPI_IMAGES = YES;
				CURRENT_PROJECT_VERSION = 1;
				DEVELOPMENT_ASSET_PATHS = "\"Infirmary Integrated/Preview Content\"";
				ENABLE_PREVIEWS = YES;
				GENERATE_INFOPLIST_FILE = YES;
				INFOPLIST_KEY_NSHumanReadableCopyright = "";
				INFOPLIST_KEY_UILaunchStoryboardName = Splash.storyboard;
				LD_RUNPATH_SEARCH_PATHS = (
					"$(inherited)",
					"@executable_path/../Frameworks",
				);
				MACOSX_DEPLOYMENT_TARGET = 12.0;
				MARKETING_VERSION = 1.0;
				PRODUCT_BUNDLE_IDENTIFIER = "com.tanjera.infirmary-integrated";
				PRODUCT_NAME = "$(TARGET_NAME)";
				SWIFT_EMIT_LOC_STRINGS = YES;
				SWIFT_VERSION = 5.0;
			};
			name = Release;
		};
/* End XCBuildConfiguration section */

/* Begin XCConfigurationList section */
		084196DA2E831E9F00E6959F /* Build configuration list for PBXProject "Infirmary Integrated" */ = {
			isa = XCConfigurationList;
			buildConfigurations = (
				084196EC2E831EA600E6959F /* Debug */,
				084196ED2E831EA600E6959F /* Release */,
			);
			defaultConfigurationIsVisible = 0;
			defaultConfigurationName = Release;
		};
		084196EE2E831EA600E6959F /* Build configuration list for PBXNativeTarget "Infirmary Integrated" */ = {
			isa = XCConfigurationList;
			buildConfigurations = (
				084196EF2E831EA600E6959F /* Debug */,
				084196F02E831EA600E6959F /* Release */,
			);
			defaultConfigurationIsVisible = 0;
			defaultConfigurationName = Release;
		};
/* End XCConfigurationList section */
	};
	rootObject = 084196D72E831E9F00E6959F /* Project object */;
}
